# THIS IS AN AUTOGENERATED FILE. DO NOT EDIT THIS FILE DIRECTLY.
# yarn lockfile v1


"@babel/runtime@^7.8.4":
  version "7.13.10"
  resolved "https://registry.yarnpkg.com/@babel/runtime/-/runtime-7.13.10.tgz#47d42a57b6095f4468da440388fdbad8bebf0d7d"
  integrity sha512-4QPkjJq6Ns3V/RgpEahRk+AGfL0eO6RHHtTWoNNr5mO49G6B5+X6d6THgWEAvTrznU5xYpbAlVKRYcsCgh/Akw==
  dependencies:
    regenerator-runtime "^0.13.4"

balanced-match@^1.0.0:
  version "1.0.0"
  resolved "https://registry.yarnpkg.com/balanced-match/-/balanced-match-1.0.0.tgz#89b4d199ab2bee49de164ea02b89ce462d71b767"
  integrity sha1-ibTRmasr7kneFk6gK4nORi1xt2c=

brace-expansion@^1.1.7:
  version "1.1.11"
  resolved "https://registry.yarnpkg.com/brace-expansion/-/brace-expansion-1.1.11.tgz#3c7fcbf529d87226f3d2f52b966ff5271eb441dd"
  integrity sha512-iCuPHDFgrHX7H2vEI/5xpz07zSHB00TpugqhmYtVmMO6518mCuRMoOYFldEBl0g187ufozdaHgWKcYFb61qGiA==
  dependencies:
    balanced-match "^1.0.0"
    concat-map "0.0.1"

concat-map@0.0.1:
  version "0.0.1"
  resolved "https://registry.yarnpkg.com/concat-map/-/concat-map-0.0.1.tgz#d8a96bd77fd68df7793a73036a3ba0d5405d477b"
  integrity sha1-2Klr13/Wjfd5OnMDajug1UBdR3s=

deepmerge@^4.2.2:
  version "4.2.2"
  resolved "https://registry.npmjs.org/deepmerge/-/deepmerge-4.2.2.tgz"
  integrity sha512-FJ3UgI4gIl+PHZm53knsuSFpE+nESMr7M4v9QcgB7S63Kj/6WqMiFQJpBBYz1Pt+66bZpP3Q7Lye0Oo9MPKEdg==

es6-promise@^4.2.5:
  version "4.2.8"
  resolved "https://registry.yarnpkg.com/es6-promise/-/es6-promise-4.2.8.tgz#4eb21594c972bc40553d276e510539143db53e0a"
  integrity sha512-HJDGx5daxeIvxdBxvG2cb9g4tEvwIk3i8+nhX0yGrYmZUzbkdg8QbDevheDB8gd0//uPj4c1EQua8Q+MViT0/w==

foreachasync@^3.0.0:
  version "3.0.0"
  resolved "https://registry.yarnpkg.com/foreachasync/-/foreachasync-3.0.0.tgz#5502987dc8714be3392097f32e0071c9dee07cf6"
  integrity sha1-VQKYfchxS+M5IJfzLgBxyd7gfPY=

locutus@^2.0.11:
  version "2.0.14"
  resolved "https://registry.yarnpkg.com/locutus/-/locutus-2.0.14.tgz#53d259ac7200b0621ed4e5604b6c49993415a455"
  integrity sha512-0H1o1iHNEp3kJ5rW57bT/CAP5g6Qm0Zd817Wcx2+rOMTYyIJoc482Ja1v9dB6IUjwvWKcBNdYi7x2lRXtlJ3bA==
  dependencies:
    es6-promise "^4.2.5"

minimatch@3.0.x:
  version "3.0.4"
  resolved "https://registry.yarnpkg.com/minimatch/-/minimatch-3.0.4.tgz#5166e286457f03306064be5497e8dbb0c3d32083"
  integrity sha512-yJHVQEhyqPLUTgt9B83PXu6W3rx4MvvHvSUvToogpwoGDOUQ+yDrR0HRot+yOCdCO7u4hX3pWft6kWBBcqh0UA==
  dependencies:
    brace-expansion "^1.1.7"

php-parser@^3.0.2:
  version "3.0.2"
  resolved "https://registry.npmjs.org/php-parser/-/php-parser-3.0.2.tgz"
  integrity sha512-a7y1+odEGsceLDLpu7oNyspZ0pK8FMWJOoim4/yd82AtnEZNLdCLZ67arnOQZ9K0lHJiSp4/7lVUpGELVxE14w==

regenerator-runtime@^0.13.4:
  version "0.13.7"
  resolved "https://registry.yarnpkg.com/regenerator-runtime/-/regenerator-runtime-0.13.7.tgz#cac2dacc8a1ea675feaabaeb8ae833898ae46f55"
  integrity sha512-a54FxoJDIr27pgf7IgeQGxmqUNYrcV338lf/6gH456HZ/PhX+5BcwHXG9ajESmwe6WRO0tAzRUrRmNONWgkrew==

twig@^1.15.4:
  version "1.15.4"
  resolved "https://registry.yarnpkg.com/twig/-/twig-1.15.4.tgz#314b00eaf98a57e70ed7dcfd6def93d0d8f3d627"
  integrity sha512-gRpGrpdf+MswqF6eSjEdYZTa/jt3ZWHK/NU59IbTYJMBQXJ1W+7IxaGEwLkQjd+mNT15j9sQTzQumxUBkuQueQ==
  dependencies:
    "@babel/runtime" "^7.8.4"
    locutus "^2.0.11"
    minimatch "3.0.x"
    walk "2.3.x"

walk@2.3.x:
  version "2.3.14"
  resolved "https://registry.yarnpkg.com/walk/-/walk-2.3.14.tgz#60ec8631cfd23276ae1e7363ce11d626452e1ef3"
  integrity sha512-5skcWAUmySj6hkBdH6B6+3ddMjVQYH5Qy9QGbPmN8kVmLteXk+yVXg+yfk1nbX30EYakahLrr8iPcCxJQSCBeg==
  dependencies:
    foreachasync "^3.0.0"
